
Microsoft Visual Studio Solution File, Format Version 12.00
# Visual Studio Version 16
VisualStudioVersion = 16.0.31605.320
MinimumVisualStudioVersion = 10.0.40219.1
Project("{FAE04EC0-301F-11D3-BF4B-00C04F79EFBC}") = "MySqlConnect2", "MySqlConnect2.csproj", "{FBA67496-0CB7-4CD4-9F70-4EA42C09E2C4}"
EndProject
Global
	GlobalSection(SolutionConfigurationPlatforms) = preSolution
		Debug|Any CPU = Debug|Any CPU
		Release|Any CPU = Release|Any CPU
	EndGlobalSection
	GlobalSection(ProjectConfigurationPlatforms) = postSolution
		{FBA67496-0CB7-4CD4-9F70-4EA42C09E2C4}.Debug|Any CPU.ActiveCfg = Debug|Any CPU
		{FBA67496-0CB7-4CD4-9F70-4EA42C09E2C4}.Debug|Any CPU.Build.0 = Debug|Any CPU
		{FBA67496-0CB7-4CD4-9F70-4EA42C09E2C4}.Release|Any CPU.ActiveCfg = Release|Any CPU
		{FBA67496-0CB7-4CD4-9F70-4EA42C09E2C4}.Release|Any CPU.Build.0 = Release|Any CPU
	EndGlobalSection
	GlobalSection(SolutionProperties) = preSolution
		HideSolutionNode = FALSE
	EndGlobalSection
	GlobalSection(ExtensibilityGlobals) = postSolution
		SolutionGuid = {C254FDA6-0445-4E3F-8E78-489DB215B170}
	EndGlobalSection
EndGlobal
